
Microsoft Visual Studio Solution File, Format Version 12.00
# Visual Studio Version 17
VisualStudioVersion = 17.9.34902.65
MinimumVisualStudioVersion = 10.0.40219.1
Project("{9A19103F-16F7-4668-BE54-9A1E7A4F7556}") = "DiscordClientAudoPanel", "DiscordClientAudoPanel\DiscordClientAudoPanel.csproj", "{D464A4C5-424C-478B-A6E3-659B4D012273}"
EndProject
Project("{9A19103F-16F7-4668-BE54-9A1E7A4F7556}") = "DiscordClientAudoPanel.Desktop", "DiscordClientAudoPanel.Desktop\DiscordClientAudoPanel.Desktop.csproj", "{5F53BFD0-B400-4268-96B9-14DA91FA9766}"
EndProject
Global
	GlobalSection(SolutionConfigurationPlatforms) = preSolution
		Debug|Any CPU = Debug|Any CPU
		Release|Any CPU = Release|Any CPU
	EndGlobalSection
	GlobalSection(ProjectConfigurationPlatforms) = postSolution
		{D464A4C5-424C-478B-A6E3-659B4D012273}.Debug|Any CPU.ActiveCfg = Debug|Any CPU
		{D464A4C5-424C-478B-A6E3-659B4D012273}.Debug|Any CPU.Build.0 = Debug|Any CPU
		{D464A4C5-424C-478B-A6E3-659B4D012273}.Release|Any CPU.ActiveCfg = Release|Any CPU
		{D464A4C5-424C-478B-A6E3-659B4D012273}.Release|Any CPU.Build.0 = Release|Any CPU
		{5F53BFD0-B400-4268-96B9-14DA91FA9766}.Debug|Any CPU.ActiveCfg = Debug|Any CPU
		{5F53BFD0-B400-4268-96B9-14DA91FA9766}.Debug|Any CPU.Build.0 = Debug|Any CPU
		{5F53BFD0-B400-4268-96B9-14DA91FA9766}.Release|Any CPU.ActiveCfg = Release|Any CPU
		{5F53BFD0-B400-4268-96B9-14DA91FA9766}.Release|Any CPU.Build.0 = Release|Any CPU
	EndGlobalSection
	GlobalSection(SolutionProperties) = preSolution
		HideSolutionNode = FALSE
	EndGlobalSection
	GlobalSection(ExtensibilityGlobals) = postSolution
		SolutionGuid = {77A8C758-EB96-4C0B-8602-E6D42C1B0E8B}
	EndGlobalSection
EndGlobal
